// !$*UTF8*$!
{
	archiveVersion = 1;
	classes = {
	};
	objectVersion = 56;
	objects = {

/* Begin PBXBuildFile section */
		93703FBA2C33DAE00043B47F /* Weather2App.swift in Sources */ = {isa = PBXBuildFile; fileRef = 93703FB92C33DAE00043B47F /* Weather2App.swift */; };
		93703FBC2C33DAE00043B47F /* ContentView.swift in Sources */ = {isa = PBXBuildFile; fileRef = 93703FBB2C33DAE00043B47F /* ContentView.swift */; };
		93703FBE2C33DAE20043B47F /* Assets.xcassets in Resources */ = {isa = PBXBuildFile; fileRef = 93703FBD2C33DAE20043B47F /* Assets.xcassets */; };
		93703FC22C33DAE20043B47F /* Preview Assets.xcassets in Resources */ = {isa = PBXBuildFile; fileRef = 93703FC12C33DAE20043B47F /* Preview Assets.xcassets */; };
		93703FD22C33E4210043B47F /* Extensions.swift in Sources */ = {isa = PBXBuildFile; fileRef = 93703FD12C33E4210043B47F /* Extensions.swift */; };
		93703FD42C33E57D0043B47F /* HomeView.swift in Sources */ = {isa = PBXBuildFile; fileRef = 93703FD32C33E57D0043B47F /* HomeView.swift */; };
		93703FD62C33F4430043B47F /* TabBar.swift in Sources */ = {isa = PBXBuildFile; fileRef = 93703FD52C33F4430043B47F /* TabBar.swift */; };
		93703FD82C33FD640043B47F /* Shapes.swift in Sources */ = {isa = PBXBuildFile; fileRef = 93703FD72C33FD640043B47F /* Shapes.swift */; };
		93703FDE2C3426420043B47F /* BottomSheet in Frameworks */ = {isa = PBXBuildFile; productRef = 93703FDD2C3426420043B47F /* BottomSheet */; };
		93703FE02C342F0E0043B47F /* ForecastView.swift in Sources */ = {isa = PBXBuildFile; fileRef = 93703FDF2C342F0E0043B47F /* ForecastView.swift */; };
		93703FE22C34371F0043B47F /* Blur.swift in Sources */ = {isa = PBXBuildFile; fileRef = 93703FE12C34371F0043B47F /* Blur.swift */; };
		93703FE42C3676830043B47F /* SegmentedControl.swift in Sources */ = {isa = PBXBuildFile; fileRef = 93703FE32C3676820043B47F /* SegmentedControl.swift */; };
		93703FE62C3682DB0043B47F /* ForecastModel.swift in Sources */ = {isa = PBXBuildFile; fileRef = 93703FE52C3682DB0043B47F /* ForecastModel.swift */; };
		93703FE82C368ADC0043B47F /* ForecastCard.swift in Sources */ = {isa = PBXBuildFile; fileRef = 93703FE72C368ADC0043B47F /* ForecastCard.swift */; };
		93703FEA2C36A4A70043B47F /* NavigationBar.swift in Sources */ = {isa = PBXBuildFile; fileRef = 93703FE92C36A4A70043B47F /* NavigationBar.swift */; };
		93703FEC2C36B7260043B47F /* WeatherView.swift in Sources */ = {isa = PBXBuildFile; fileRef = 93703FEB2C36B7260043B47F /* WeatherView.swift */; };
		93703FEE2C36BAA20043B47F /* WeatherWidget.swift in Sources */ = {isa = PBXBuildFile; fileRef = 93703FED2C36BAA20043B47F /* WeatherWidget.swift */; };
/* End PBXBuildFile section */

/* Begin PBXFileReference section */
		93703FB62C33DAE00043B47F /* Weather2.app */ = {isa = PBXFileReference; explicitFileType = wrapper.application; includeInIndex = 0; path = Weather2.app; sourceTree = BUILT_PRODUCTS_DIR; };
		93703FB92C33DAE00043B47F /* Weather2App.swift */ = {isa = PBXFileReference; lastKnownFileType = sourcecode.swift; path = Weather2App.swift; sourceTree = "<group>"; };
		93703FBB2C33DAE00043B47F /* ContentView.swift */ = {isa = PBXFileReference; lastKnownFileType = sourcecode.swift; path = ContentView.swift; sourceTree = "<group>"; };
		93703FBD2C33DAE20043B47F /* Assets.xcassets */ = {isa = PBXFileReference; lastKnownFileType = folder.assetcatalog; path = Assets.xcassets; sourceTree = "<group>"; };
		93703FBF2C33DAE20043B47F /* Weather2.entitlements */ = {isa = PBXFileReference; lastKnownFileType = text.plist.entitlements; path = Weather2.entitlements; sourceTree = "<group>"; };
		93703FC12C33DAE20043B47F /* Preview Assets.xcassets */ = {isa = PBXFileReference; lastKnownFileType = folder.assetcatalog; path = "Preview Assets.xcassets"; sourceTree = "<group>"; };
		93703FD12C33E4210043B47F /* Extensions.swift */ = {isa = PBXFileReference; fileEncoding = 4; lastKnownFileType = sourcecode.swift; name = Extensions.swift; path = "../../../../Downloads/SwiftUI Weather/Resources/Extensions.swift"; sourceTree = "<group>"; };
		93703FD32C33E57D0043B47F /* HomeView.swift */ = {isa = PBXFileReference; lastKnownFileType = sourcecode.swift; path = HomeView.swift; sourceTree = "<group>"; };
		93703FD52C33F4430043B47F /* TabBar.swift */ = {isa = PBXFileReference; lastKnownFileType = sourcecode.swift; path = TabBar.swift; sourceTree = "<group>"; };
		93703FD72C33FD640043B47F /* Shapes.swift */ = {isa = PBXFileReference; lastKnownFileType = sourcecode.swift; path = Shapes.swift; sourceTree = "<group>"; };
		93703FDF2C342F0E0043B47F /* ForecastView.swift */ = {isa = PBXFileReference; lastKnownFileType = sourcecode.swift; path = ForecastView.swift; sourceTree = "<group>"; };
		93703FE12C34371F0043B47F /* Blur.swift */ = {isa = PBXFileReference; lastKnownFileType = sourcecode.swift; path = Blur.swift; sourceTree = "<group>"; };
		93703FE32C3676820043B47F /* SegmentedControl.swift */ = {isa = PBXFileReference; lastKnownFileType = sourcecode.swift; path = SegmentedControl.swift; sourceTree = "<group>"; };
		93703FE52C3682DB0043B47F /* ForecastModel.swift */ = {isa = PBXFileReference; lastKnownFileType = sourcecode.swift; path = ForecastModel.swift; sourceTree = "<group>"; };
		93703FE72C368ADC0043B47F /* ForecastCard.swift */ = {isa = PBXFileReference; lastKnownFileType = sourcecode.swift; path = ForecastCard.swift; sourceTree = "<group>"; };
		93703FE92C36A4A70043B47F /* NavigationBar.swift */ = {isa = PBXFileReference; lastKnownFileType = sourcecode.swift; path = NavigationBar.swift; sourceTree = "<group>"; };
		93703FEB2C36B7260043B47F /* WeatherView.swift */ = {isa = PBXFileReference; lastKnownFileType = sourcecode.swift; path = WeatherView.swift; sourceTree = "<group>"; };
		93703FED2C36BAA20043B47F /* WeatherWidget.swift */ = {isa = PBXFileReference; lastKnownFileType = sourcecode.swift; path = WeatherWidget.swift; sourceTree = "<group>"; };
/* End PBXFileReference section */

/* Begin PBXFrameworksBuildPhase section */
		93703FB32C33DAE00043B47F /* Frameworks */ = {
			isa = PBXFrameworksBuildPhase;
			buildActionMask = 2147483647;
			files = (
				93703FDE2C3426420043B47F /* BottomSheet in Frameworks */,
			);
			runOnlyForDeploymentPostprocessing = 0;
		};
/* End PBXFrameworksBuildPhase section */

/* Begin PBXGroup section */
		93703FAD2C33DAE00043B47F = {
			isa = PBXGroup;
			children = (
				93703FB82C33DAE00043B47F /* Weather2 */,
				93703FB72C33DAE00043B47F /* Products */,
			);
			sourceTree = "<group>";
		};
		93703FB72C33DAE00043B47F /* Products */ = {
			isa = PBXGroup;
			children = (
				93703FB62C33DAE00043B47F /* Weather2.app */,
			);
			name = Products;
			sourceTree = "<group>";
		};
		93703FB82C33DAE00043B47F /* Weather2 */ = {
			isa = PBXGroup;
			children = (
				93703FB92C33DAE00043B47F /* Weather2App.swift */,
				93703FC82C33DFBF0043B47F /* Views */,
				93703FC92C33DFE10043B47F /* Models */,
				93703FCA2C33E0480043B47F /* Utils */,
				93703FBD2C33DAE20043B47F /* Assets.xcassets */,
				93703FBF2C33DAE20043B47F /* Weather2.entitlements */,
				93703FC02C33DAE20043B47F /* Preview Content */,
			);
			path = Weather2;
			sourceTree = "<group>";
		};
		93703FC02C33DAE20043B47F /* Preview Content */ = {
			isa = PBXGroup;
			children = (
				93703FC12C33DAE20043B47F /* Preview Assets.xcassets */,
			);
			path = "Preview Content";
			sourceTree = "<group>";
		};
		93703FC82C33DFBF0043B47F /* Views */ = {
			isa = PBXGroup;
			children = (
				93703FCB2C33E0BB0043B47F /* Main */,
				93703FCC2C33E0C60043B47F /* Navigation */,
				93703FCD2C33E0D10043B47F /* Detail */,
				93703FCE2C33E0DE0043B47F /* Components */,
			);
			path = Views;
			sourceTree = "<group>";
		};
		93703FC92C33DFE10043B47F /* Models */ = {
			isa = PBXGroup;
			children = (
				93703FE52C3682DB0043B47F /* ForecastModel.swift */,
			);
			path = Models;
			sourceTree = "<group>";
		};
		93703FCA2C33E0480043B47F /* Utils */ = {
			isa = PBXGroup;
			children = (
				93703FD12C33E4210043B47F /* Extensions.swift */,
				93703FD72C33FD640043B47F /* Shapes.swift */,
			);
			path = Utils;
			sourceTree = "<group>";
		};
		93703FCB2C33E0BB0043B47F /* Main */ = {
			isa = PBXGroup;
			children = (
				93703FBB2C33DAE00043B47F /* ContentView.swift */,
				93703FD32C33E57D0043B47F /* HomeView.swift */,
			);
			path = Main;
			sourceTree = "<group>";
		};
		93703FCC2C33E0C60043B47F /* Navigation */ = {
			isa = PBXGroup;
			children = (
				93703FD52C33F4430043B47F /* TabBar.swift */,
				93703FE92C36A4A70043B47F /* NavigationBar.swift */,
			);
			path = Navigation;
			sourceTree = "<group>";
		};
		93703FCD2C33E0D10043B47F /* Detail */ = {
			isa = PBXGroup;
			children = (
				93703FDF2C342F0E0043B47F /* ForecastView.swift */,
				93703FEB2C36B7260043B47F /* WeatherView.swift */,
			);
			path = Detail;
			sourceTree = "<group>";
		};
		93703FCE2C33E0DE0043B47F /* Components */ = {
			isa = PBXGroup;
			children = (
				93703FE12C34371F0043B47F /* Blur.swift */,
				93703FE32C3676820043B47F /* SegmentedControl.swift */,
				93703FE72C368ADC0043B47F /* ForecastCard.swift */,
				93703FED2C36BAA20043B47F /* WeatherWidget.swift */,
			);
			path = Components;
			sourceTree = "<group>";
		};
/* End PBXGroup section */

/* Begin PBXNativeTarget section */
		93703FB52C33DAE00043B47F /* Weather2 */ = {
			isa = PBXNativeTarget;
			buildConfigurationList = 93703FC52C33DAE20043B47F /* Build configuration list for PBXNativeTarget "Weather2" */;
			buildPhases = (
				93703FB22C33DAE00043B47F /* Sources */,
				93703FB32C33DAE00043B47F /* Frameworks */,
				93703FB42C33DAE00043B47F /* Resources */,
			);
			buildRules = (
			);
			dependencies = (
			);
			name = Weather2;
			packageProductDependencies = (
				93703FDD2C3426420043B47F /* BottomSheet */,
			);
			productName = Weather2;
			productReference = 93703FB62C33DAE00043B47F /* Weather2.app */;
			productType = "com.apple.product-type.application";
		};
/* End PBXNativeTarget section */

/* Begin PBXProject section */
		93703FAE2C33DAE00043B47F /* Project object */ = {
			isa = PBXProject;
			attributes = {
				BuildIndependentTargetsInParallel = 1;
				LastSwiftUpdateCheck = 1410;
				LastUpgradeCheck = 1410;
				TargetAttributes = {
					93703FB52C33DAE00043B47F = {
						CreatedOnToolsVersion = 14.1;
					};
				};
			};
			buildConfigurationList = 93703FB12C33DAE00043B47F /* Build configuration list for PBXProject "Weather2" */;
			compatibilityVersion = "Xcode 14.0";
			developmentRegion = en;
			hasScannedForEncodings = 0;
			knownRegions = (
				en,
				Base,
			);
			mainGroup = 93703FAD2C33DAE00043B47F;
			packageReferences = (
				93703FDC2C3426420043B47F /* XCRemoteSwiftPackageReference "BottomSheet" */,
			);
			productRefGroup = 93703FB72C33DAE00043B47F /* Products */;
			projectDirPath = "";
			projectRoot = "";
			targets = (
				93703FB52C33DAE00043B47F /* Weather2 */,
			);
		};
/* End PBXProject section */

/* Begin PBXResourcesBuildPhase section */
		93703FB42C33DAE00043B47F /* Resources */ = {
			isa = PBXResourcesBuildPhase;
			buildActionMask = 2147483647;
			files = (
				93703FC22C33DAE20043B47F /* Preview Assets.xcassets in Resources */,
				93703FBE2C33DAE20043B47F /* Assets.xcassets in Resources */,
			);
			runOnlyForDeploymentPostprocessing = 0;
		};
/* End PBXResourcesBuildPhase section */

/* Begin PBXSourcesBuildPhase section */
		93703FB22C33DAE00043B47F /* Sources */ = {
			isa = PBXSourcesBuildPhase;
			buildActionMask = 2147483647;
			files = (
				93703FEE2C36BAA20043B47F /* WeatherWidget.swift in Sources */,
				93703FE82C368ADC0043B47F /* ForecastCard.swift in Sources */,
				93703FBC2C33DAE00043B47F /* ContentView.swift in Sources */,
				93703FE42C3676830043B47F /* SegmentedControl.swift in Sources */,
				93703FD42C33E57D0043B47F /* HomeView.swift in Sources */,
				93703FE22C34371F0043B47F /* Blur.swift in Sources */,
				93703FEC2C36B7260043B47F /* WeatherView.swift in Sources */,
				93703FBA2C33DAE00043B47F /* Weather2App.swift in Sources */,
				93703FD22C33E4210043B47F /* Extensions.swift in Sources */,
				93703FE02C342F0E0043B47F /* ForecastView.swift in Sources */,
				93703FD62C33F4430043B47F /* TabBar.swift in Sources */,
				93703FE62C3682DB0043B47F /* ForecastModel.swift in Sources */,
				93703FD82C33FD640043B47F /* Shapes.swift in Sources */,
				93703FEA2C36A4A70043B47F /* NavigationBar.swift in Sources */,
			);
			runOnlyForDeploymentPostprocessing = 0;
		};
/* End PBXSourcesBuildPhase section */

/* Begin XCBuildConfiguration section */
		93703FC32C33DAE20043B47F /* Debug */ = {
			isa = XCBuildConfiguration;
			buildSettings = {
				ALWAYS_SEARCH_USER_PATHS = NO;
				CLANG_ANALYZER_NONNULL = YES;
				CLANG_ANALYZER_NUMBER_OBJECT_CONVERSION = YES_AGGRESSIVE;
				CLANG_CXX_LANGUAGE_STANDARD = "gnu++20";
				CLANG_ENABLE_MODULES = YES;
				CLANG_ENABLE_OBJC_ARC = YES;
				CLANG_ENABLE_OBJC_WEAK = YES;
				CLANG_WARN_BLOCK_CAPTURE_AUTORELEASING = YES;
				CLANG_WARN_BOOL_CONVERSION = YES;
				CLANG_WARN_COMMA = YES;
				CLANG_WARN_CONSTANT_CONVERSION = YES;
				CLANG_WARN_DEPRECATED_OBJC_IMPLEMENTATIONS = YES;
				CLANG_WARN_DIRECT_OBJC_ISA_USAGE = YES_ERROR;
				CLANG_WARN_DOCUMENTATION_COMMENTS = YES;
				CLANG_WARN_EMPTY_BODY = YES;
				CLANG_WARN_ENUM_CONVERSION = YES;
				CLANG_WARN_INFINITE_RECURSION = YES;
				CLANG_WARN_INT_CONVERSION = YES;
				CLANG_WARN_NON_LITERAL_NULL_CONVERSION = YES;
				CLANG_WARN_OBJC_IMPLICIT_RETAIN_SELF = YES;
				CLANG_WARN_OBJC_LITERAL_CONVERSION = YES;
				CLANG_WARN_OBJC_ROOT_CLASS = YES_ERROR;
				CLANG_WARN_QUOTED_INCLUDE_IN_FRAMEWORK_HEADER = YES;
				CLANG_WARN_RANGE_LOOP_ANALYSIS = YES;
				CLANG_WARN_STRICT_PROTOTYPES = YES;
				CLANG_WARN_SUSPICIOUS_MOVE = YES;
				CLANG_WARN_UNGUARDED_AVAILABILITY = YES_AGGRESSIVE;
				CLANG_WARN_UNREACHABLE_CODE = YES;
				CLANG_WARN__DUPLICATE_METHOD_MATCH = YES;
				COPY_PHASE_STRIP = NO;
				DEBUG_INFORMATION_FORMAT = dwarf;
				ENABLE_STRICT_OBJC_MSGSEND = YES;
				ENABLE_TESTABILITY = YES;
				GCC_C_LANGUAGE_STANDARD = gnu11;
				GCC_DYNAMIC_NO_PIC = NO;
				GCC_NO_COMMON_BLOCKS = YES;
				GCC_OPTIMIZATION_LEVEL = 0;
				GCC_PREPROCESSOR_DEFINITIONS = (
					"DEBUG=1",
					"$(inherited)",
				);
				GCC_WARN_64_TO_32_BIT_CONVERSION = YES;
				GCC_WARN_ABOUT_RETURN_TYPE = YES_ERROR;
				GCC_WARN_UNDECLARED_SELECTOR = YES;
				GCC_WARN_UNINITIALIZED_AUTOS = YES_AGGRESSIVE;
				GCC_WARN_UNUSED_FUNCTION = YES;
				GCC_WARN_UNUSED_VARIABLE = YES;
				MTL_ENABLE_DEBUG_INFO = INCLUDE_SOURCE;
				MTL_FAST_MATH = YES;
				ONLY_ACTIVE_ARCH = YES;
				SWIFT_ACTIVE_COMPILATION_CONDITIONS = DEBUG;
				SWIFT_OPTIMIZATION_LEVEL = "-Onone";
			};
			name = Debug;
		};
		93703FC42C33DAE20043B47F /* Release */ = {
			isa = XCBuildConfiguration;
			buildSettings = {
				ALWAYS_SEARCH_USER_PATHS = NO;
				CLANG_ANALYZER_NONNULL = YES;
				CLANG_ANALYZER_NUMBER_OBJECT_CONVERSION = YES_AGGRESSIVE;
				CLANG_CXX_LANGUAGE_STANDARD = "gnu++20";
				CLANG_ENABLE_MODULES = YES;
				CLANG_ENABLE_OBJC_ARC = YES;
				CLANG_ENABLE_OBJC_WEAK = YES;
				CLANG_WARN_BLOCK_CAPTURE_AUTORELEASING = YES;
				CLANG_WARN_BOOL_CONVERSION = YES;
				CLANG_WARN_COMMA = YES;
				CLANG_WARN_CONSTANT_CONVERSION = YES;
				CLANG_WARN_DEPRECATED_OBJC_IMPLEMENTATIONS = YES;
				CLANG_WARN_DIRECT_OBJC_ISA_USAGE = YES_ERROR;
				CLANG_WARN_DOCUMENTATION_COMMENTS = YES;
				CLANG_WARN_EMPTY_BODY = YES;
				CLANG_WARN_ENUM_CONVERSION = YES;
				CLANG_WARN_INFINITE_RECURSION = YES;
				CLANG_WARN_INT_CONVERSION = YES;
				CLANG_WARN_NON_LITERAL_NULL_CONVERSION = YES;
				CLANG_WARN_OBJC_IMPLICIT_RETAIN_SELF = YES;
				CLANG_WARN_OBJC_LITERAL_CONVERSION = YES;
				CLANG_WARN_OBJC_ROOT_CLASS = YES_ERROR;
				CLANG_WARN_QUOTED_INCLUDE_IN_FRAMEWORK_HEADER = YES;
				CLANG_WARN_RANGE_LOOP_ANALYSIS = YES;
				CLANG_WARN_STRICT_PROTOTYPES = YES;
				CLANG_WARN_SUSPICIOUS_MOVE = YES;
				CLANG_WARN_UNGUARDED_AVAILABILITY = YES_AGGRESSIVE;
				CLANG_WARN_UNREACHABLE_CODE = YES;
				CLANG_WARN__DUPLICATE_METHOD_MATCH = YES;
				COPY_PHASE_STRIP = NO;
				DEBUG_INFORMATION_FORMAT = "dwarf-with-dsym";
				ENABLE_NS_ASSERTIONS = NO;
				ENABLE_STRICT_OBJC_MSGSEND = YES;
				GCC_C_LANGUAGE_STANDARD = gnu11;
				GCC_NO_COMMON_BLOCKS = YES;
				GCC_WARN_64_TO_32_BIT_CONVERSION = YES;
				GCC_WARN_ABOUT_RETURN_TYPE = YES_ERROR;
				GCC_WARN_UNDECLARED_SELECTOR = YES;
				GCC_WARN_UNINITIALIZED_AUTOS = YES_AGGRESSIVE;
				GCC_WARN_UNUSED_FUNCTION = YES;
				GCC_WARN_UNUSED_VARIABLE = YES;
				MTL_ENABLE_DEBUG_INFO = NO;
				MTL_FAST_MATH = YES;
				SWIFT_COMPILATION_MODE = wholemodule;
				SWIFT_OPTIMIZATION_LEVEL = "-O";
			};
			name = Release;
		};
		93703FC62C33DAE20043B47F /* Debug */ = {
			isa = XCBuildConfiguration;
			buildSettings = {
				ASSETCATALOG_COMPILER_APPICON_NAME = AppIcon;
				ASSETCATALOG_COMPILER_GLOBAL_ACCENT_COLOR_NAME = AccentColor;
				CODE_SIGN_ENTITLEMENTS = Weather2/Weather2.entitlements;
				CODE_SIGN_STYLE = Automatic;
				CURRENT_PROJECT_VERSION = 1;
				DEVELOPMENT_ASSET_PATHS = "\"Weather2/Preview Content\"";
				DEVELOPMENT_TEAM = ZF8VW74H54;
				ENABLE_HARDENED_RUNTIME = YES;
				ENABLE_PREVIEWS = YES;
				GENERATE_INFOPLIST_FILE = YES;
				"INFOPLIST_KEY_UIApplicationSceneManifest_Generation[sdk=iphoneos*]" = YES;
				"INFOPLIST_KEY_UIApplicationSceneManifest_Generation[sdk=iphonesimulator*]" = YES;
				"INFOPLIST_KEY_UIApplicationSupportsIndirectInputEvents[sdk=iphoneos*]" = YES;
				"INFOPLIST_KEY_UIApplicationSupportsIndirectInputEvents[sdk=iphonesimulator*]" = YES;
				"INFOPLIST_KEY_UILaunchScreen_Generation[sdk=iphoneos*]" = YES;
				"INFOPLIST_KEY_UILaunchScreen_Generation[sdk=iphonesimulator*]" = YES;
				"INFOPLIST_KEY_UIStatusBarStyle[sdk=iphoneos*]" = UIStatusBarStyleDefault;
				"INFOPLIST_KEY_UIStatusBarStyle[sdk=iphonesimulator*]" = UIStatusBarStyleDefault;
				INFOPLIST_KEY_UISupportedInterfaceOrientations_iPad = "UIInterfaceOrientationPortrait UIInterfaceOrientationPortraitUpsideDown UIInterfaceOrientationLandscapeLeft UIInterfaceOrientationLandscapeRight";
				INFOPLIST_KEY_UISupportedInterfaceOrientations_iPhone = "UIInterfaceOrientationPortrait UIInterfaceOrientationLandscapeLeft UIInterfaceOrientationLandscapeRight";
				IPHONEOS_DEPLOYMENT_TARGET = 16.1;
				LD_RUNPATH_SEARCH_PATHS = "@executable_path/Frameworks";
				"LD_RUNPATH_SEARCH_PATHS[sdk=macosx*]" = "@executable_path/../Frameworks";
				MACOSX_DEPLOYMENT_TARGET = 12.7;
				MARKETING_VERSION = 1.0;
				PRODUCT_BUNDLE_IDENTIFIER = nurgun.Weather2;
				PRODUCT_NAME = "$(TARGET_NAME)";
				SDKROOT = auto;
				SUPPORTED_PLATFORMS = "iphoneos iphonesimulator macosx";
				SWIFT_EMIT_LOC_STRINGS = YES;
				SWIFT_VERSION = 5.0;
				TARGETED_DEVICE_FAMILY = "1,2";
			};
			name = Debug;
		};
		93703FC72C33DAE20043B47F /* Release */ = {
			isa = XCBuildConfiguration;
			buildSettings = {
				ASSETCATALOG_COMPILER_APPICON_NAME = AppIcon;
				ASSETCATALOG_COMPILER_GLOBAL_ACCENT_COLOR_NAME = AccentColor;
				CODE_SIGN_ENTITLEMENTS = Weather2/Weather2.entitlements;
				CODE_SIGN_STYLE = Automatic;
				CURRENT_PROJECT_VERSION = 1;
				DEVELOPMENT_ASSET_PATHS = "\"Weather2/Preview Content\"";
				DEVELOPMENT_TEAM = ZF8VW74H54;
				ENABLE_HARDENED_RUNTIME = YES;
				ENABLE_PREVIEWS = YES;
				GENERATE_INFOPLIST_FILE = YES;
				"INFOPLIST_KEY_UIApplicationSceneManifest_Generation[sdk=iphoneos*]" = YES;
				"INFOPLIST_KEY_UIApplicationSceneManifest_Generation[sdk=iphonesimulator*]" = YES;
				"INFOPLIST_KEY_UIApplicationSupportsIndirectInputEvents[sdk=iphoneos*]" = YES;
				"INFOPLIST_KEY_UIApplicationSupportsIndirectInputEvents[sdk=iphonesimulator*]" = YES;
				"INFOPLIST_KEY_UILaunchScreen_Generation[sdk=iphoneos*]" = YES;
				"INFOPLIST_KEY_UILaunchScreen_Generation[sdk=iphonesimulator*]" = YES;
				"INFOPLIST_KEY_UIStatusBarStyle[sdk=iphoneos*]" = UIStatusBarStyleDefault;
				"INFOPLIST_KEY_UIStatusBarStyle[sdk=iphonesimulator*]" = UIStatusBarStyleDefault;
				INFOPLIST_KEY_UISupportedInterfaceOrientations_iPad = "UIInterfaceOrientationPortrait UIInterfaceOrientationPortraitUpsideDown UIInterfaceOrientationLandscapeLeft UIInterfaceOrientationLandscapeRight";
				INFOPLIST_KEY_UISupportedInterfaceOrientations_iPhone = "UIInterfaceOrientationPortrait UIInterfaceOrientationLandscapeLeft UIInterfaceOrientationLandscapeRight";
				IPHONEOS_DEPLOYMENT_TARGET = 16.1;
				LD_RUNPATH_SEARCH_PATHS = "@executable_path/Frameworks";
				"LD_RUNPATH_SEARCH_PATHS[sdk=macosx*]" = "@executable_path/../Frameworks";
				MACOSX_DEPLOYMENT_TARGET = 12.7;
				MARKETING_VERSION = 1.0;
				PRODUCT_BUNDLE_IDENTIFIER = nurgun.Weather2;
				PRODUCT_NAME = "$(TARGET_NAME)";
				SDKROOT = auto;
				SUPPORTED_PLATFORMS = "iphoneos iphonesimulator macosx";
				SWIFT_EMIT_LOC_STRINGS = YES;
				SWIFT_VERSION = 5.0;
				TARGETED_DEVICE_FAMILY = "1,2";
			};
			name = Release;
		};
/* End XCBuildConfiguration section */

/* Begin XCConfigurationList section */
		93703FB12C33DAE00043B47F /* Build configuration list for PBXProject "Weather2" */ = {
			isa = XCConfigurationList;
			buildConfigurations = (
				93703FC32C33DAE20043B47F /* Debug */,
				93703FC42C33DAE20043B47F /* Release */,
			);
			defaultConfigurationIsVisible = 0;
			defaultConfigurationName = Release;
		};
		93703FC52C33DAE20043B47F /* Build configuration list for PBXNativeTarget "Weather2" */ = {
			isa = XCConfigurationList;
			buildConfigurations = (
				93703FC62C33DAE20043B47F /* Debug */,
				93703FC72C33DAE20043B47F /* Release */,
			);
			defaultConfigurationIsVisible = 0;
			defaultConfigurationName = Release;
		};
/* End XCConfigurationList section */

/* Begin XCRemoteSwiftPackageReference section */
		93703FDC2C3426420043B47F /* XCRemoteSwiftPackageReference "BottomSheet" */ = {
			isa = XCRemoteSwiftPackageReference;
			repositoryURL = "https://github.com/Wouter125/BottomSheet";
			requirement = {
				kind = exactVersion;
				version = 1.4.5;
			};
		};
/* End XCRemoteSwiftPackageReference section */

/* Begin XCSwiftPackageProductDependency section */
		93703FDD2C3426420043B47F /* BottomSheet */ = {
			isa = XCSwiftPackageProductDependency;
			package = 93703FDC2C3426420043B47F /* XCRemoteSwiftPackageReference "BottomSheet" */;
			productName = BottomSheet;
		};
/* End XCSwiftPackageProductDependency section */
	};
	rootObject = 93703FAE2C33DAE00043B47F /* Project object */;
}
